
Microsoft Visual Studio Solution File, Format Version 12.00
# Visual Studio Version 17
VisualStudioVersion = 17.9.34723.18
MinimumVisualStudioVersion = 10.0.40219.1
Project("{9A19103F-16F7-4668-BE54-9A1E7A4F7556}") = "MauiTABU.Gui", "MauiTABU.Gui\MauiTABU.Gui.csproj", "{143763AA-8AC2-4E5B-9058-7480202FFDAB}"
EndProject
Project("{FAE04EC0-301F-11D3-BF4B-00C04F79EFBC}") = "MauiTABU.GameLogic", "MauiTABU.GameLogic\MauiTABU.GameLogic.csproj", "{79B34884-3782-4671-A136-6C8A67ED3D2C}"
EndProject
Global
	GlobalSection(SolutionConfigurationPlatforms) = preSolution
		Debug|Any CPU = Debug|Any CPU
		Release|Any CPU = Release|Any CPU
	EndGlobalSection
	GlobalSection(ProjectConfigurationPlatforms) = postSolution
		{143763AA-8AC2-4E5B-9058-7480202FFDAB}.Debug|Any CPU.ActiveCfg = Debug|Any CPU
		{143763AA-8AC2-4E5B-9058-7480202FFDAB}.Debug|Any CPU.Build.0 = Debug|Any CPU
		{143763AA-8AC2-4E5B-9058-7480202FFDAB}.Debug|Any CPU.Deploy.0 = Debug|Any CPU
		{143763AA-8AC2-4E5B-9058-7480202FFDAB}.Release|Any CPU.ActiveCfg = Release|Any CPU
		{143763AA-8AC2-4E5B-9058-7480202FFDAB}.Release|Any CPU.Build.0 = Release|Any CPU
		{143763AA-8AC2-4E5B-9058-7480202FFDAB}.Release|Any CPU.Deploy.0 = Release|Any CPU
		{79B34884-3782-4671-A136-6C8A67ED3D2C}.Debug|Any CPU.ActiveCfg = Debug|Any CPU
		{79B34884-3782-4671-A136-6C8A67ED3D2C}.Debug|Any CPU.Build.0 = Debug|Any CPU
		{79B34884-3782-4671-A136-6C8A67ED3D2C}.Release|Any CPU.ActiveCfg = Release|Any CPU
		{79B34884-3782-4671-A136-6C8A67ED3D2C}.Release|Any CPU.Build.0 = Release|Any CPU
	EndGlobalSection
	GlobalSection(SolutionProperties) = preSolution
		HideSolutionNode = FALSE
	EndGlobalSection
	GlobalSection(ExtensibilityGlobals) = postSolution
		SolutionGuid = {8A9E3EAA-B657-4314-878D-415EE60F675F}
	EndGlobalSection
EndGlobal
